
Microsoft Visual Studio Solution File, Format Version 12.00
Project("{FAE04EC0-301F-11D3-BF4B-00C04F79EFBC}") = "Producer", "Producer\Producer.csproj", "{280B922B-79D0-4C7D-AF46-10BFF20EC9F8}"
EndProject
Project("{FAE04EC0-301F-11D3-BF4B-00C04F79EFBC}") = "Consumer", "Consumer\Consumer.csproj", "{CFA66101-14AE-4B96-81C7-3291B5ABC388}"
EndProject
Project("{FAE04EC0-301F-11D3-BF4B-00C04F79EFBC}") = "Messages", "Messages\Messages.csproj", "{8DD07FE4-D05B-4254-A44C-AC623A23C433}"
EndProject
Global
	GlobalSection(SolutionConfigurationPlatforms) = preSolution
		Debug|Any CPU = Debug|Any CPU
		Release|Any CPU = Release|Any CPU
	EndGlobalSection
	GlobalSection(ProjectConfigurationPlatforms) = postSolution
		{7401A8AF-C2B8-42F9-AFC5-9A52AB704435}.Debug|Any CPU.ActiveCfg = Debug|Any CPU
		{7401A8AF-C2B8-42F9-AFC5-9A52AB704435}.Debug|Any CPU.Build.0 = Debug|Any CPU
		{7401A8AF-C2B8-42F9-AFC5-9A52AB704435}.Release|Any CPU.ActiveCfg = Release|Any CPU
		{7401A8AF-C2B8-42F9-AFC5-9A52AB704435}.Release|Any CPU.Build.0 = Release|Any CPU
		{280B922B-79D0-4C7D-AF46-10BFF20EC9F8}.Debug|Any CPU.ActiveCfg = Debug|Any CPU
		{280B922B-79D0-4C7D-AF46-10BFF20EC9F8}.Debug|Any CPU.Build.0 = Debug|Any CPU
		{280B922B-79D0-4C7D-AF46-10BFF20EC9F8}.Release|Any CPU.ActiveCfg = Release|Any CPU
		{280B922B-79D0-4C7D-AF46-10BFF20EC9F8}.Release|Any CPU.Build.0 = Release|Any CPU
		{CFA66101-14AE-4B96-81C7-3291B5ABC388}.Debug|Any CPU.ActiveCfg = Debug|Any CPU
		{CFA66101-14AE-4B96-81C7-3291B5ABC388}.Debug|Any CPU.Build.0 = Debug|Any CPU
		{CFA66101-14AE-4B96-81C7-3291B5ABC388}.Release|Any CPU.ActiveCfg = Release|Any CPU
		{CFA66101-14AE-4B96-81C7-3291B5ABC388}.Release|Any CPU.Build.0 = Release|Any CPU
		{8DD07FE4-D05B-4254-A44C-AC623A23C433}.Debug|Any CPU.ActiveCfg = Debug|Any CPU
		{8DD07FE4-D05B-4254-A44C-AC623A23C433}.Debug|Any CPU.Build.0 = Debug|Any CPU
		{8DD07FE4-D05B-4254-A44C-AC623A23C433}.Release|Any CPU.ActiveCfg = Release|Any CPU
		{8DD07FE4-D05B-4254-A44C-AC623A23C433}.Release|Any CPU.Build.0 = Release|Any CPU
	EndGlobalSection
EndGlobal
