
Microsoft Visual Studio Solution File, Format Version 12.00
Project("{FAE04EC0-301F-11D3-BF4B-00C04F79EFBC}") = "Fanout", "Fanout\Fanout.csproj", "{9D442A33-3C09-404F-8F3F-13940228BAFF}"
EndProject
Project("{FAE04EC0-301F-11D3-BF4B-00C04F79EFBC}") = "Direct", "Direct\Direct.csproj", "{F457002C-C723-4D12-8AE5-399832A5EE7E}"
EndProject
Project("{FAE04EC0-301F-11D3-BF4B-00C04F79EFBC}") = "Topic", "Topic\Topic.csproj", "{01A801E5-BA49-426F-BF06-FD2CBB3F7CB8}"
EndProject
Project("{FAE04EC0-301F-11D3-BF4B-00C04F79EFBC}") = "Headers", "Headers\Headers.csproj", "{EDA1677C-B64A-47C3-BD7B-2D0836E727B4}"
EndProject
Global
	GlobalSection(SolutionConfigurationPlatforms) = preSolution
		Debug|Any CPU = Debug|Any CPU
		Release|Any CPU = Release|Any CPU
	EndGlobalSection
	GlobalSection(ProjectConfigurationPlatforms) = postSolution
		{7401A8AF-C2B8-42F9-AFC5-9A52AB704435}.Debug|Any CPU.ActiveCfg = Debug|Any CPU
		{7401A8AF-C2B8-42F9-AFC5-9A52AB704435}.Debug|Any CPU.Build.0 = Debug|Any CPU
		{7401A8AF-C2B8-42F9-AFC5-9A52AB704435}.Release|Any CPU.ActiveCfg = Release|Any CPU
		{7401A8AF-C2B8-42F9-AFC5-9A52AB704435}.Release|Any CPU.Build.0 = Release|Any CPU
		{9D442A33-3C09-404F-8F3F-13940228BAFF}.Debug|Any CPU.ActiveCfg = Debug|Any CPU
		{9D442A33-3C09-404F-8F3F-13940228BAFF}.Debug|Any CPU.Build.0 = Debug|Any CPU
		{9D442A33-3C09-404F-8F3F-13940228BAFF}.Release|Any CPU.ActiveCfg = Release|Any CPU
		{9D442A33-3C09-404F-8F3F-13940228BAFF}.Release|Any CPU.Build.0 = Release|Any CPU
		{F457002C-C723-4D12-8AE5-399832A5EE7E}.Debug|Any CPU.ActiveCfg = Debug|Any CPU
		{F457002C-C723-4D12-8AE5-399832A5EE7E}.Debug|Any CPU.Build.0 = Debug|Any CPU
		{F457002C-C723-4D12-8AE5-399832A5EE7E}.Release|Any CPU.ActiveCfg = Release|Any CPU
		{F457002C-C723-4D12-8AE5-399832A5EE7E}.Release|Any CPU.Build.0 = Release|Any CPU
		{01A801E5-BA49-426F-BF06-FD2CBB3F7CB8}.Debug|Any CPU.ActiveCfg = Debug|Any CPU
		{01A801E5-BA49-426F-BF06-FD2CBB3F7CB8}.Debug|Any CPU.Build.0 = Debug|Any CPU
		{01A801E5-BA49-426F-BF06-FD2CBB3F7CB8}.Release|Any CPU.ActiveCfg = Release|Any CPU
		{01A801E5-BA49-426F-BF06-FD2CBB3F7CB8}.Release|Any CPU.Build.0 = Release|Any CPU
		{EDA1677C-B64A-47C3-BD7B-2D0836E727B4}.Debug|Any CPU.ActiveCfg = Debug|Any CPU
		{EDA1677C-B64A-47C3-BD7B-2D0836E727B4}.Debug|Any CPU.Build.0 = Debug|Any CPU
		{EDA1677C-B64A-47C3-BD7B-2D0836E727B4}.Release|Any CPU.ActiveCfg = Release|Any CPU
		{EDA1677C-B64A-47C3-BD7B-2D0836E727B4}.Release|Any CPU.Build.0 = Release|Any CPU
	EndGlobalSection
EndGlobal
